
Microsoft Visual Studio Solution File, Format Version 12.00
# Visual Studio Version 16
VisualStudioVersion = 16.0.33529.622
MinimumVisualStudioVersion = 10.0.40219.1
Project("{FAE04EC0-301F-11D3-BF4B-00C04F79EFBC}") = "OOP_alexmazzotti2", "OOP_alexmazzotti2\OOP_alexmazzotti2.csproj", "{52499ED5-A714-4759-A3B0-DE64B1D505FD}"
EndProject
Global
	GlobalSection(SolutionConfigurationPlatforms) = preSolution
		Debug|Any CPU = Debug|Any CPU
		Release|Any CPU = Release|Any CPU
	EndGlobalSection
	GlobalSection(ProjectConfigurationPlatforms) = postSolution
		{52499ED5-A714-4759-A3B0-DE64B1D505FD}.Debug|Any CPU.ActiveCfg = Debug|Any CPU
		{52499ED5-A714-4759-A3B0-DE64B1D505FD}.Debug|Any CPU.Build.0 = Debug|Any CPU
		{52499ED5-A714-4759-A3B0-DE64B1D505FD}.Release|Any CPU.ActiveCfg = Release|Any CPU
		{52499ED5-A714-4759-A3B0-DE64B1D505FD}.Release|Any CPU.Build.0 = Release|Any CPU
	EndGlobalSection
	GlobalSection(SolutionProperties) = preSolution
		HideSolutionNode = FALSE
	EndGlobalSection
	GlobalSection(ExtensibilityGlobals) = postSolution
		SolutionGuid = {276C60D1-8F66-441F-BF9B-911AD9BBD3F5}
	EndGlobalSection
EndGlobal
